
Microsoft Visual Studio Solution File, Format Version 12.00
# Visual Studio Version 17
VisualStudioVersion = 17.8.34330.188
MinimumVisualStudioVersion = 10.0.40219.1
Project("{FAE04EC0-301F-11D3-BF4B-00C04F79EFBC}") = "Assign05", "Assign05\Assign05.csproj", "{161F83DB-3D1C-4031-BD78-9B47B19D874D}"
EndProject
Global
	GlobalSection(SolutionConfigurationPlatforms) = preSolution
		Debug|Any CPU = Debug|Any CPU
		Release|Any CPU = Release|Any CPU
	EndGlobalSection
	GlobalSection(ProjectConfigurationPlatforms) = postSolution
		{161F83DB-3D1C-4031-BD78-9B47B19D874D}.Debug|Any CPU.ActiveCfg = Debug|Any CPU
		{161F83DB-3D1C-4031-BD78-9B47B19D874D}.Debug|Any CPU.Build.0 = Debug|Any CPU
		{161F83DB-3D1C-4031-BD78-9B47B19D874D}.Release|Any CPU.ActiveCfg = Release|Any CPU
		{161F83DB-3D1C-4031-BD78-9B47B19D874D}.Release|Any CPU.Build.0 = Release|Any CPU
	EndGlobalSection
	GlobalSection(SolutionProperties) = preSolution
		HideSolutionNode = FALSE
	EndGlobalSection
	GlobalSection(ExtensibilityGlobals) = postSolution
		SolutionGuid = {DC6C1E94-7577-4118-9F46-182F2EB590B1}
	EndGlobalSection
EndGlobal
